
Microsoft Visual Studio Solution File, Format Version 12.00
# Visual Studio Version 17
VisualStudioVersion = 17.6.33829.357
MinimumVisualStudioVersion = 10.0.40219.1
Project("{FAE04EC0-301F-11D3-BF4B-00C04F79EFBC}") = "CrazyThreadingPizza", "CrazyThreadingPizza\CrazyThreadingPizza.csproj", "{1C0176D6-8972-4314-8D0F-26EB66BBFCBF}"
EndProject
Global
	GlobalSection(SolutionConfigurationPlatforms) = preSolution
		Debug|Any CPU = Debug|Any CPU
		Release|Any CPU = Release|Any CPU
	EndGlobalSection
	GlobalSection(ProjectConfigurationPlatforms) = postSolution
		{1C0176D6-8972-4314-8D0F-26EB66BBFCBF}.Debug|Any CPU.ActiveCfg = Debug|Any CPU
		{1C0176D6-8972-4314-8D0F-26EB66BBFCBF}.Debug|Any CPU.Build.0 = Debug|Any CPU
		{1C0176D6-8972-4314-8D0F-26EB66BBFCBF}.Release|Any CPU.ActiveCfg = Release|Any CPU
		{1C0176D6-8972-4314-8D0F-26EB66BBFCBF}.Release|Any CPU.Build.0 = Release|Any CPU
	EndGlobalSection
	GlobalSection(SolutionProperties) = preSolution
		HideSolutionNode = FALSE
	EndGlobalSection
	GlobalSection(ExtensibilityGlobals) = postSolution
		SolutionGuid = {463CE7DD-2623-466A-A9BC-0CEA9C0D4546}
	EndGlobalSection
EndGlobal
